// !$*UTF8*$!
{
	archiveVersion = 1;
	classes = {
	};
	objectVersion = 55;
	objects = {

/* Begin PBXBuildFile section */
		7A9401C927BF7D3700E0F47E /* SampleCoreDataApp.swift in Sources */ = {isa = PBXBuildFile; fileRef = 7A9401C827BF7D3700E0F47E /* SampleCoreDataApp.swift */; };
		7A9401CB27BF7D3700E0F47E /* ContentView.swift in Sources */ = {isa = PBXBuildFile; fileRef = 7A9401CA27BF7D3700E0F47E /* ContentView.swift */; };
		7A9401CD27BF7D3700E0F47E /* Assets.xcassets in Resources */ = {isa = PBXBuildFile; fileRef = 7A9401CC27BF7D3700E0F47E /* Assets.xcassets */; };
		7A9401D027BF7D3700E0F47E /* Preview Assets.xcassets in Resources */ = {isa = PBXBuildFile; fileRef = 7A9401CF27BF7D3700E0F47E /* Preview Assets.xcassets */; };
		7A9401DD27BF7D5B00E0F47E /* FoodModel.xcdatamodeld in Sources */ = {isa = PBXBuildFile; fileRef = 7A9401DB27BF7D5B00E0F47E /* FoodModel.xcdatamodeld */; };
		7A9401DF27BF7DAE00E0F47E /* DataController.swift in Sources */ = {isa = PBXBuildFile; fileRef = 7A9401DE27BF7DAE00E0F47E /* DataController.swift */; };
		7A9401E427BF868D00E0F47E /* AddFoodView.swift in Sources */ = {isa = PBXBuildFile; fileRef = 7A9401E327BF868D00E0F47E /* AddFoodView.swift */; };
		7A94020827BF9ADD00E0F47E /* EditFoodView.swift in Sources */ = {isa = PBXBuildFile; fileRef = 7A94020727BF9ADD00E0F47E /* EditFoodView.swift */; };
		7AB73E1A27BFB1E3005C14F2 /* TimeFormatting.swift in Sources */ = {isa = PBXBuildFile; fileRef = 7AB73E1927BFB1E3005C14F2 /* TimeFormatting.swift */; };
/* End PBXBuildFile section */

/* Begin PBXFileReference section */
		7A9401C527BF7D3700E0F47E /* SampleCoreData.app */ = {isa = PBXFileReference; explicitFileType = wrapper.application; includeInIndex = 0; path = SampleCoreData.app; sourceTree = BUILT_PRODUCTS_DIR; };
		7A9401C827BF7D3700E0F47E /* SampleCoreDataApp.swift */ = {isa = PBXFileReference; lastKnownFileType = sourcecode.swift; path = SampleCoreDataApp.swift; sourceTree = "<group>"; };
		7A9401CA27BF7D3700E0F47E /* ContentView.swift */ = {isa = PBXFileReference; lastKnownFileType = sourcecode.swift; path = ContentView.swift; sourceTree = "<group>"; };
		7A9401CC27BF7D3700E0F47E /* Assets.xcassets */ = {isa = PBXFileReference; lastKnownFileType = folder.assetcatalog; path = Assets.xcassets; sourceTree = "<group>"; };
		7A9401CF27BF7D3700E0F47E /* Preview Assets.xcassets */ = {isa = PBXFileReference; lastKnownFileType = folder.assetcatalog; path = "Preview Assets.xcassets"; sourceTree = "<group>"; };
		7A9401DC27BF7D5B00E0F47E /* Food.xcdatamodel */ = {isa = PBXFileReference; lastKnownFileType = wrapper.xcdatamodel; path = Food.xcdatamodel; sourceTree = "<group>"; };
		7A9401DE27BF7DAE00E0F47E /* DataController.swift */ = {isa = PBXFileReference; lastKnownFileType = sourcecode.swift; path = DataController.swift; sourceTree = "<group>"; };
		7A9401E327BF868D00E0F47E /* AddFoodView.swift */ = {isa = PBXFileReference; lastKnownFileType = sourcecode.swift; path = AddFoodView.swift; sourceTree = "<group>"; };
		7A94020727BF9ADD00E0F47E /* EditFoodView.swift */ = {isa = PBXFileReference; lastKnownFileType = sourcecode.swift; path = EditFoodView.swift; sourceTree = "<group>"; };
		7AB73E1927BFB1E3005C14F2 /* TimeFormatting.swift */ = {isa = PBXFileReference; lastKnownFileType = sourcecode.swift; path = TimeFormatting.swift; sourceTree = "<group>"; };
/* End PBXFileReference section */

/* Begin PBXFrameworksBuildPhase section */
		7A9401C227BF7D3700E0F47E /* Frameworks */ = {
			isa = PBXFrameworksBuildPhase;
			buildActionMask = 2147483647;
			files = (
			);
			runOnlyForDeploymentPostprocessing = 0;
		};
/* End PBXFrameworksBuildPhase section */

/* Begin PBXGroup section */
		7A9401BC27BF7D3600E0F47E = {
			isa = PBXGroup;
			children = (
				7A9401C727BF7D3700E0F47E /* SampleCoreData */,
				7A9401C627BF7D3700E0F47E /* Products */,
			);
			sourceTree = "<group>";
		};
		7A9401C627BF7D3700E0F47E /* Products */ = {
			isa = PBXGroup;
			children = (
				7A9401C527BF7D3700E0F47E /* SampleCoreData.app */,
			);
			name = Products;
			sourceTree = "<group>";
		};
		7A9401C727BF7D3700E0F47E /* SampleCoreData */ = {
			isa = PBXGroup;
			children = (
				7A9401C827BF7D3700E0F47E /* SampleCoreDataApp.swift */,
				7A94020927BFB1A400E0F47E /* Helpers */,
				7A9401E527BF8BED00E0F47E /* Views */,
				7A9401E027BF800D00E0F47E /* DataModel */,
				7A9401CC27BF7D3700E0F47E /* Assets.xcassets */,
				7A9401CE27BF7D3700E0F47E /* Preview Content */,
			);
			path = SampleCoreData;
			sourceTree = "<group>";
		};
		7A9401CE27BF7D3700E0F47E /* Preview Content */ = {
			isa = PBXGroup;
			children = (
				7A9401CF27BF7D3700E0F47E /* Preview Assets.xcassets */,
			);
			path = "Preview Content";
			sourceTree = "<group>";
		};
		7A9401E027BF800D00E0F47E /* DataModel */ = {
			isa = PBXGroup;
			children = (
				7A9401DE27BF7DAE00E0F47E /* DataController.swift */,
				7A9401DB27BF7D5B00E0F47E /* FoodModel.xcdatamodeld */,
			);
			path = DataModel;
			sourceTree = "<group>";
		};
		7A9401E527BF8BED00E0F47E /* Views */ = {
			isa = PBXGroup;
			children = (
				7A9401CA27BF7D3700E0F47E /* ContentView.swift */,
				7A94020727BF9ADD00E0F47E /* EditFoodView.swift */,
				7A9401E327BF868D00E0F47E /* AddFoodView.swift */,
			);
			path = Views;
			sourceTree = "<group>";
		};
		7A94020927BFB1A400E0F47E /* Helpers */ = {
			isa = PBXGroup;
			children = (
				7AB73E1927BFB1E3005C14F2 /* TimeFormatting.swift */,
			);
			path = Helpers;
			sourceTree = "<group>";
		};
/* End PBXGroup section */

/* Begin PBXNativeTarget section */
		7A9401C427BF7D3700E0F47E /* SampleCoreData */ = {
			isa = PBXNativeTarget;
			buildConfigurationList = 7A9401D827BF7D3700E0F47E /* Build configuration list for PBXNativeTarget "SampleCoreData" */;
			buildPhases = (
				7A9401C127BF7D3700E0F47E /* Sources */,
				7A9401C227BF7D3700E0F47E /* Frameworks */,
				7A9401C327BF7D3700E0F47E /* Resources */,
			);
			buildRules = (
			);
			dependencies = (
			);
			name = SampleCoreData;
			productName = SampleCoreData;
			productReference = 7A9401C527BF7D3700E0F47E /* SampleCoreData.app */;
			productType = "com.apple.product-type.application";
		};
/* End PBXNativeTarget section */

/* Begin PBXProject section */
		7A9401BD27BF7D3600E0F47E /* Project object */ = {
			isa = PBXProject;
			attributes = {
				BuildIndependentTargetsInParallel = 1;
				LastSwiftUpdateCheck = 1320;
				LastUpgradeCheck = 1320;
				TargetAttributes = {
					7A9401C427BF7D3700E0F47E = {
						CreatedOnToolsVersion = 13.2.1;
					};
				};
			};
			buildConfigurationList = 7A9401C027BF7D3600E0F47E /* Build configuration list for PBXProject "SampleCoreData" */;
			compatibilityVersion = "Xcode 13.0";
			developmentRegion = en;
			hasScannedForEncodings = 0;
			knownRegions = (
				en,
				Base,
			);
			mainGroup = 7A9401BC27BF7D3600E0F47E;
			productRefGroup = 7A9401C627BF7D3700E0F47E /* Products */;
			projectDirPath = "";
			projectRoot = "";
			targets = (
				7A9401C427BF7D3700E0F47E /* SampleCoreData */,
			);
		};
/* End PBXProject section */

/* Begin PBXResourcesBuildPhase section */
		7A9401C327BF7D3700E0F47E /* Resources */ = {
			isa = PBXResourcesBuildPhase;
			buildActionMask = 2147483647;
			files = (
				7A9401D027BF7D3700E0F47E /* Preview Assets.xcassets in Resources */,
				7A9401CD27BF7D3700E0F47E /* Assets.xcassets in Resources */,
			);
			runOnlyForDeploymentPostprocessing = 0;
		};
/* End PBXResourcesBuildPhase section */

/* Begin PBXSourcesBuildPhase section */
		7A9401C127BF7D3700E0F47E /* Sources */ = {
			isa = PBXSourcesBuildPhase;
			buildActionMask = 2147483647;
			files = (
				7A9401E427BF868D00E0F47E /* AddFoodView.swift in Sources */,
				7A9401DF27BF7DAE00E0F47E /* DataController.swift in Sources */,
				7AB73E1A27BFB1E3005C14F2 /* TimeFormatting.swift in Sources */,
				7A94020827BF9ADD00E0F47E /* EditFoodView.swift in Sources */,
				7A9401DD27BF7D5B00E0F47E /* FoodModel.xcdatamodeld in Sources */,
				7A9401CB27BF7D3700E0F47E /* ContentView.swift in Sources */,
				7A9401C927BF7D3700E0F47E /* SampleCoreDataApp.swift in Sources */,
			);
			runOnlyForDeploymentPostprocessing = 0;
		};
/* End PBXSourcesBuildPhase section */

/* Begin XCBuildConfiguration section */
		7A9401D627BF7D3700E0F47E /* Debug */ = {
			isa = XCBuildConfiguration;
			buildSettings = {
				ALWAYS_SEARCH_USER_PATHS = NO;
				CLANG_ANALYZER_NONNULL = YES;
				CLANG_ANALYZER_NUMBER_OBJECT_CONVERSION = YES_AGGRESSIVE;
				CLANG_CXX_LANGUAGE_STANDARD = "gnu++17";
				CLANG_CXX_LIBRARY = "libc++";
				CLANG_ENABLE_MODULES = YES;
				CLANG_ENABLE_OBJC_ARC = YES;
				CLANG_ENABLE_OBJC_WEAK = YES;
				CLANG_WARN_BLOCK_CAPTURE_AUTORELEASING = YES;
				CLANG_WARN_BOOL_CONVERSION = YES;
				CLANG_WARN_COMMA = YES;
				CLANG_WARN_CONSTANT_CONVERSION = YES;
				CLANG_WARN_DEPRECATED_OBJC_IMPLEMENTATIONS = YES;
				CLANG_WARN_DIRECT_OBJC_ISA_USAGE = YES_ERROR;
				CLANG_WARN_DOCUMENTATION_COMMENTS = YES;
				CLANG_WARN_EMPTY_BODY = YES;
				CLANG_WARN_ENUM_CONVERSION = YES;
				CLANG_WARN_INFINITE_RECURSION = YES;
				CLANG_WARN_INT_CONVERSION = YES;
				CLANG_WARN_NON_LITERAL_NULL_CONVERSION = YES;
				CLANG_WARN_OBJC_IMPLICIT_RETAIN_SELF = YES;
				CLANG_WARN_OBJC_LITERAL_CONVERSION = YES;
				CLANG_WARN_OBJC_ROOT_CLASS = YES_ERROR;
				CLANG_WARN_QUOTED_INCLUDE_IN_FRAMEWORK_HEADER = YES;
				CLANG_WARN_RANGE_LOOP_ANALYSIS = YES;
				CLANG_WARN_STRICT_PROTOTYPES = YES;
				CLANG_WARN_SUSPICIOUS_MOVE = YES;
				CLANG_WARN_UNGUARDED_AVAILABILITY = YES_AGGRESSIVE;
				CLANG_WARN_UNREACHABLE_CODE = YES;
				CLANG_WARN__DUPLICATE_METHOD_MATCH = YES;
				COPY_PHASE_STRIP = NO;
				DEBUG_INFORMATION_FORMAT = dwarf;
				ENABLE_STRICT_OBJC_MSGSEND = YES;
				ENABLE_TESTABILITY = YES;
				GCC_C_LANGUAGE_STANDARD = gnu11;
				GCC_DYNAMIC_NO_PIC = NO;
				GCC_NO_COMMON_BLOCKS = YES;
				GCC_OPTIMIZATION_LEVEL = 0;
				GCC_PREPROCESSOR_DEFINITIONS = (
					"DEBUG=1",
					"$(inherited)",
				);
				GCC_WARN_64_TO_32_BIT_CONVERSION = YES;
				GCC_WARN_ABOUT_RETURN_TYPE = YES_ERROR;
				GCC_WARN_UNDECLARED_SELECTOR = YES;
				GCC_WARN_UNINITIALIZED_AUTOS = YES_AGGRESSIVE;
				GCC_WARN_UNUSED_FUNCTION = YES;
				GCC_WARN_UNUSED_VARIABLE = YES;
				IPHONEOS_DEPLOYMENT_TARGET = 15.2;
				MTL_ENABLE_DEBUG_INFO = INCLUDE_SOURCE;
				MTL_FAST_MATH = YES;
				ONLY_ACTIVE_ARCH = YES;
				SDKROOT = iphoneos;
				SWIFT_ACTIVE_COMPILATION_CONDITIONS = DEBUG;
				SWIFT_OPTIMIZATION_LEVEL = "-Onone";
			};
			name = Debug;
		};
		7A9401D727BF7D3700E0F47E /* Release */ = {
			isa = XCBuildConfiguration;
			buildSettings = {
				ALWAYS_SEARCH_USER_PATHS = NO;
				CLANG_ANALYZER_NONNULL = YES;
				CLANG_ANALYZER_NUMBER_OBJECT_CONVERSION = YES_AGGRESSIVE;
				CLANG_CXX_LANGUAGE_STANDARD = "gnu++17";
				CLANG_CXX_LIBRARY = "libc++";
				CLANG_ENABLE_MODULES = YES;
				CLANG_ENABLE_OBJC_ARC = YES;
				CLANG_ENABLE_OBJC_WEAK = YES;
				CLANG_WARN_BLOCK_CAPTURE_AUTORELEASING = YES;
				CLANG_WARN_BOOL_CONVERSION = YES;
				CLANG_WARN_COMMA = YES;
				CLANG_WARN_CONSTANT_CONVERSION = YES;
				CLANG_WARN_DEPRECATED_OBJC_IMPLEMENTATIONS = YES;
				CLANG_WARN_DIRECT_OBJC_ISA_USAGE = YES_ERROR;
				CLANG_WARN_DOCUMENTATION_COMMENTS = YES;
				CLANG_WARN_EMPTY_BODY = YES;
				CLANG_WARN_ENUM_CONVERSION = YES;
				CLANG_WARN_INFINITE_RECURSION = YES;
				CLANG_WARN_INT_CONVERSION = YES;
				CLANG_WARN_NON_LITERAL_NULL_CONVERSION = YES;
				CLANG_WARN_OBJC_IMPLICIT_RETAIN_SELF = YES;
				CLANG_WARN_OBJC_LITERAL_CONVERSION = YES;
				CLANG_WARN_OBJC_ROOT_CLASS = YES_ERROR;
				CLANG_WARN_QUOTED_INCLUDE_IN_FRAMEWORK_HEADER = YES;
				CLANG_WARN_RANGE_LOOP_ANALYSIS = YES;
				CLANG_WARN_STRICT_PROTOTYPES = YES;
				CLANG_WARN_SUSPICIOUS_MOVE = YES;
				CLANG_WARN_UNGUARDED_AVAILABILITY = YES_AGGRESSIVE;
				CLANG_WARN_UNREACHABLE_CODE = YES;
				CLANG_WARN__DUPLICATE_METHOD_MATCH = YES;
				COPY_PHASE_STRIP = NO;
				DEBUG_INFORMATION_FORMAT = "dwarf-with-dsym";
				ENABLE_NS_ASSERTIONS = NO;
				ENABLE_STRICT_OBJC_MSGSEND = YES;
				GCC_C_LANGUAGE_STANDARD = gnu11;
				GCC_NO_COMMON_BLOCKS = YES;
				GCC_WARN_64_TO_32_BIT_CONVERSION = YES;
				GCC_WARN_ABOUT_RETURN_TYPE = YES_ERROR;
				GCC_WARN_UNDECLARED_SELECTOR = YES;
				GCC_WARN_UNINITIALIZED_AUTOS = YES_AGGRESSIVE;
				GCC_WARN_UNUSED_FUNCTION = YES;
				GCC_WARN_UNUSED_VARIABLE = YES;
				IPHONEOS_DEPLOYMENT_TARGET = 15.2;
				MTL_ENABLE_DEBUG_INFO = NO;
				MTL_FAST_MATH = YES;
				SDKROOT = iphoneos;
				SWIFT_COMPILATION_MODE = wholemodule;
				SWIFT_OPTIMIZATION_LEVEL = "-O";
				VALIDATE_PRODUCT = YES;
			};
			name = Release;
		};
		7A9401D927BF7D3700E0F47E /* Debug */ = {
			isa = XCBuildConfiguration;
			buildSettings = {
				ASSETCATALOG_COMPILER_APPICON_NAME = AppIcon;
				ASSETCATALOG_COMPILER_GLOBAL_ACCENT_COLOR_NAME = AccentColor;
				CODE_SIGN_STYLE = Automatic;
				CURRENT_PROJECT_VERSION = 1;
				DEVELOPMENT_ASSET_PATHS = "\"SampleCoreData/Preview Content\"";
				DEVELOPMENT_TEAM = "";
				ENABLE_PREVIEWS = YES;
				GENERATE_INFOPLIST_FILE = YES;
				INFOPLIST_KEY_UIApplicationSceneManifest_Generation = YES;
				INFOPLIST_KEY_UIApplicationSupportsIndirectInputEvents = YES;
				INFOPLIST_KEY_UILaunchScreen_Generation = YES;
				INFOPLIST_KEY_UISupportedInterfaceOrientations_iPad = "UIInterfaceOrientationPortrait UIInterfaceOrientationPortraitUpsideDown UIInterfaceOrientationLandscapeLeft UIInterfaceOrientationLandscapeRight";
				INFOPLIST_KEY_UISupportedInterfaceOrientations_iPhone = "UIInterfaceOrientationPortrait UIInterfaceOrientationLandscapeLeft UIInterfaceOrientationLandscapeRight";
				IPHONEOS_DEPLOYMENT_TARGET = 15.2;
				LD_RUNPATH_SEARCH_PATHS = (
					"$(inherited)",
					"@executable_path/Frameworks",
				);
				MARKETING_VERSION = 1.0;
				PRODUCT_BUNDLE_IDENTIFIER = com.codepalace.SampleCoreData;
				PRODUCT_NAME = "$(TARGET_NAME)";
				SWIFT_EMIT_LOC_STRINGS = YES;
				SWIFT_VERSION = 5.0;
				TARGETED_DEVICE_FAMILY = "1,2";
			};
			name = Debug;
		};
		7A9401DA27BF7D3700E0F47E /* Release */ = {
			isa = XCBuildConfiguration;
			buildSettings = {
				ASSETCATALOG_COMPILER_APPICON_NAME = AppIcon;
				ASSETCATALOG_COMPILER_GLOBAL_ACCENT_COLOR_NAME = AccentColor;
				CODE_SIGN_STYLE = Automatic;
				CURRENT_PROJECT_VERSION = 1;
				DEVELOPMENT_ASSET_PATHS = "\"SampleCoreData/Preview Content\"";
				DEVELOPMENT_TEAM = "";
				ENABLE_PREVIEWS = YES;
				GENERATE_INFOPLIST_FILE = YES;
				INFOPLIST_KEY_UIApplicationSceneManifest_Generation = YES;
				INFOPLIST_KEY_UIApplicationSupportsIndirectInputEvents = YES;
				INFOPLIST_KEY_UILaunchScreen_Generation = YES;
				INFOPLIST_KEY_UISupportedInterfaceOrientations_iPad = "UIInterfaceOrientationPortrait UIInterfaceOrientationPortraitUpsideDown UIInterfaceOrientationLandscapeLeft UIInterfaceOrientationLandscapeRight";
				INFOPLIST_KEY_UISupportedInterfaceOrientations_iPhone = "UIInterfaceOrientationPortrait UIInterfaceOrientationLandscapeLeft UIInterfaceOrientationLandscapeRight";
				IPHONEOS_DEPLOYMENT_TARGET = 15.2;
				LD_RUNPATH_SEARCH_PATHS = (
					"$(inherited)",
					"@executable_path/Frameworks",
				);
				MARKETING_VERSION = 1.0;
				PRODUCT_BUNDLE_IDENTIFIER = com.codepalace.SampleCoreData;
				PRODUCT_NAME = "$(TARGET_NAME)";
				SWIFT_EMIT_LOC_STRINGS = YES;
				SWIFT_VERSION = 5.0;
				TARGETED_DEVICE_FAMILY = "1,2";
			};
			name = Release;
		};
/* End XCBuildConfiguration section */

/* Begin XCConfigurationList section */
		7A9401C027BF7D3600E0F47E /* Build configuration list for PBXProject "SampleCoreData" */ = {
			isa = XCConfigurationList;
			buildConfigurations = (
				7A9401D627BF7D3700E0F47E /* Debug */,
				7A9401D727BF7D3700E0F47E /* Release */,
			);
			defaultConfigurationIsVisible = 0;
			defaultConfigurationName = Release;
		};
		7A9401D827BF7D3700E0F47E /* Build configuration list for PBXNativeTarget "SampleCoreData" */ = {
			isa = XCConfigurationList;
			buildConfigurations = (
				7A9401D927BF7D3700E0F47E /* Debug */,
				7A9401DA27BF7D3700E0F47E /* Release */,
			);
			defaultConfigurationIsVisible = 0;
			defaultConfigurationName = Release;
		};
/* End XCConfigurationList section */

/* Begin XCVersionGroup section */
		7A9401DB27BF7D5B00E0F47E /* FoodModel.xcdatamodeld */ = {
			isa = XCVersionGroup;
			children = (
				7A9401DC27BF7D5B00E0F47E /* Food.xcdatamodel */,
			);
			currentVersion = 7A9401DC27BF7D5B00E0F47E /* Food.xcdatamodel */;
			path = FoodModel.xcdatamodeld;
			sourceTree = "<group>";
			versionGroupType = wrapper.xcdatamodel;
		};
/* End XCVersionGroup section */
	};
	rootObject = 7A9401BD27BF7D3600E0F47E /* Project object */;
}
